
Microsoft Visual Studio Solution File, Format Version 12.00
# Visual Studio Version 17
VisualStudioVersion = 17.0.32112.339
MinimumVisualStudioVersion = 10.0.40219.1
Project("{FAE04EC0-301F-11D3-BF4B-00C04F79EFBC}") = "my-books", "my-books\my-books.csproj", "{61FE07DB-A64A-4BBA-9650-BC9F866198C6}"
EndProject
Global
	GlobalSection(SolutionConfigurationPlatforms) = preSolution
		Debug|Any CPU = Debug|Any CPU
		Release|Any CPU = Release|Any CPU
	EndGlobalSection
	GlobalSection(ProjectConfigurationPlatforms) = postSolution
		{61FE07DB-A64A-4BBA-9650-BC9F866198C6}.Debug|Any CPU.ActiveCfg = Debug|Any CPU
		{61FE07DB-A64A-4BBA-9650-BC9F866198C6}.Debug|Any CPU.Build.0 = Debug|Any CPU
		{61FE07DB-A64A-4BBA-9650-BC9F866198C6}.Release|Any CPU.ActiveCfg = Release|Any CPU
		{61FE07DB-A64A-4BBA-9650-BC9F866198C6}.Release|Any CPU.Build.0 = Release|Any CPU
	EndGlobalSection
	GlobalSection(SolutionProperties) = preSolution
		HideSolutionNode = FALSE
	EndGlobalSection
	GlobalSection(ExtensibilityGlobals) = postSolution
		SolutionGuid = {DC3391BC-D045-4D22-AF40-CA3623D30E09}
	EndGlobalSection
EndGlobal
